# THIS IS AN AUTOGENERATED FILE. DO NOT EDIT THIS FILE DIRECTLY.
# yarn lockfile v1


"@babel/code-frame@^7.10.4":
  version "7.16.0"
  resolved "https://registry.yarnpkg.com/@babel/code-frame/-/code-frame-7.16.0.tgz#0dfc80309beec8411e65e706461c408b0bb9b431"
  integrity sha512-IF4EOMEV+bfYwOmNxGzSnjR2EmQod7f1UXOpZM3l4i4o4QNwzjtJAu/HxdjHq0aYBvdqMuQEY1eg0nqW9ZPORA==
  dependencies:
    "@babel/highlight" "^7.16.0"

"@babel/helper-validator-identifier@^7.15.7":
  version "7.15.7"
  resolved "https://registry.yarnpkg.com/@babel/helper-validator-identifier/-/helper-validator-identifier-7.15.7.tgz#220df993bfe904a4a6b02ab4f3385a5ebf6e2389"
  integrity sha512-K4JvCtQqad9OY2+yTU8w+E82ywk/fe+ELNlt1G8z3bVGlZfn/hOcQQsUhGhW/N+tb3fxK800wLtKOE/aM0m72w==

"@babel/highlight@^7.16.0":
  version "7.16.0"
  resolved "https://registry.yarnpkg.com/@babel/highlight/-/highlight-7.16.0.tgz#6ceb32b2ca4b8f5f361fb7fd821e3fddf4a1725a"
  integrity sha512-t8MH41kUQylBtu2+4IQA3atqevA2lRgqA2wyVB/YiWmsDSuylZZuXOUy9ric30hfzauEFfdsuk/eXTRrGrfd0g==
  dependencies:
    "@babel/helper-validator-identifier" "^7.15.7"
    chalk "^2.0.0"
    js-tokens "^4.0.0"

"@babel/runtime-corejs3@^7.10.2":
  version "7.16.5"
  resolved "https://registry.yarnpkg.com/@babel/runtime-corejs3/-/runtime-corejs3-7.16.5.tgz#9057d879720c136193f0440bc400088212a74894"
  integrity sha512-F1pMwvTiUNSAM8mc45kccMQxj31x3y3P+tA/X8hKNWp3/hUsxdGxZ3D3H8JIkxtfA8qGkaBTKvcmvStaYseAFw==
  dependencies:
    core-js-pure "^3.19.0"
    regenerator-runtime "^0.13.4"

"@babel/runtime@^7.1.2", "@babel/runtime@^7.10.2", "@babel/runtime@^7.12.1", "@babel/runtime@^7.12.13", "@babel/runtime@^7.12.5", "@babel/runtime@^7.15.4", "@babel/runtime@^7.3.1", "@babel/runtime@^7.4.4", "@babel/runtime@^7.5.5", "@babel/runtime@^7.8.3", "@babel/runtime@^7.8.7", "@babel/runtime@^7.9.2":
  version "7.16.5"
  resolved "https://registry.yarnpkg.com/@babel/runtime/-/runtime-7.16.5.tgz#7f3e34bf8bdbbadf03fbb7b1ea0d929569c9487a"
  integrity sha512-TXWihFIS3Pyv5hzR7j6ihmeLkZfrXGxAr5UfSl8CHf+6q/wpiYDkUau0czckpYG8QmnCIuPpdLtuA9VmuGGyMA==
  dependencies:
    regenerator-runtime "^0.13.4"

"@emotion/hash@^0.8.0":
  version "0.8.0"
  resolved "https://registry.yarnpkg.com/@emotion/hash/-/hash-0.8.0.tgz#bbbff68978fefdbe68ccb533bc8cbe1d1afb5413"
  integrity sha512-kBJtf7PH6aWwZ6fka3zQ0p6SBYzx4fl1LoZXE2RrnYST9Xljm7WfKJrU4g/Xr3Beg72MLrp1AWNUmuYJTL7Cow==

"@jest/types@^26.6.2":
  version "26.6.2"
  resolved "https://registry.yarnpkg.com/@jest/types/-/types-26.6.2.tgz#bef5a532030e1d88a2f5a6d933f84e97226ed48e"
  integrity sha512-fC6QCp7Sc5sX6g8Tvbmj4XUTbyrik0akgRy03yjXbQaBWWNWGE7SGtJk98m0N8nzegD/7SggrUlivxo5ax4KWQ==
  dependencies:
    "@types/istanbul-lib-coverage" "^2.0.0"
    "@types/istanbul-reports" "^3.0.0"
    "@types/node" "*"
    "@types/yargs" "^15.0.0"
    chalk "^4.0.0"

"@jest/types@^27.4.2":
  version "27.4.2"
  resolved "https://registry.yarnpkg.com/@jest/types/-/types-27.4.2.tgz#96536ebd34da6392c2b7c7737d693885b5dd44a5"
  integrity sha512-j35yw0PMTPpZsUoOBiuHzr1zTYoad1cVIE0ajEjcrJONxxrko/IRGKkXx3os0Nsi4Hu3+5VmDbVfq5WhG/pWAg==
  dependencies:
    "@types/istanbul-lib-coverage" "^2.0.0"
    "@types/istanbul-reports" "^3.0.0"
    "@types/node" "*"
    "@types/yargs" "^16.0.0"
    chalk "^4.0.0"

"@material-ui/core@^4.12.3":
  version "4.12.3"
  resolved "https://registry.yarnpkg.com/@material-ui/core/-/core-4.12.3.tgz#80d665caf0f1f034e52355c5450c0e38b099d3ca"
  integrity sha512-sdpgI/PL56QVsEJldwEe4FFaFTLUqN+rd7sSZiRCdx2E/C7z5yK0y/khAWVBH24tXwto7I1hCzNWfJGZIYJKnw==
  dependencies:
    "@babel/runtime" "^7.4.4"
    "@material-ui/styles" "^4.11.4"
    "@material-ui/system" "^4.12.1"
    "@material-ui/types" "5.1.0"
    "@material-ui/utils" "^4.11.2"
    "@types/react-transition-group" "^4.2.0"
    clsx "^1.0.4"
    hoist-non-react-statics "^3.3.2"
    popper.js "1.16.1-lts"
    prop-types "^15.7.2"
    react-is "^16.8.0 || ^17.0.0"
    react-transition-group "^4.4.0"

"@material-ui/icons@^4.11.2":
  version "4.11.2"
  resolved "https://registry.yarnpkg.com/@material-ui/icons/-/icons-4.11.2.tgz#b3a7353266519cd743b6461ae9fdfcb1b25eb4c5"
  integrity sha512-fQNsKX2TxBmqIGJCSi3tGTO/gZ+eJgWmMJkgDiOfyNaunNaxcklJQFaFogYcFl0qFuaEz1qaXYXboa/bUXVSOQ==
  dependencies:
    "@babel/runtime" "^7.4.4"

"@material-ui/styles@^4.11.4":
  version "4.11.4"
  resolved "https://registry.yarnpkg.com/@material-ui/styles/-/styles-4.11.4.tgz#eb9dfccfcc2d208243d986457dff025497afa00d"
  integrity sha512-KNTIZcnj/zprG5LW0Sao7zw+yG3O35pviHzejMdcSGCdWbiO8qzRgOYL8JAxAsWBKOKYwVZxXtHWaB5T2Kvxew==
  dependencies:
    "@babel/runtime" "^7.4.4"
    "@emotion/hash" "^0.8.0"
    "@material-ui/types" "5.1.0"
    "@material-ui/utils" "^4.11.2"
    clsx "^1.0.4"
    csstype "^2.5.2"
    hoist-non-react-statics "^3.3.2"
    jss "^10.5.1"
    jss-plugin-camel-case "^10.5.1"
    jss-plugin-default-unit "^10.5.1"
    jss-plugin-global "^10.5.1"
    jss-plugin-nested "^10.5.1"
    jss-plugin-props-sort "^10.5.1"
    jss-plugin-rule-value-function "^10.5.1"
    jss-plugin-vendor-prefixer "^10.5.1"
    prop-types "^15.7.2"

"@material-ui/system@^4.12.1":
  version "4.12.1"
  resolved "https://registry.yarnpkg.com/@material-ui/system/-/system-4.12.1.tgz#2dd96c243f8c0a331b2bb6d46efd7771a399707c"
  integrity sha512-lUdzs4q9kEXZGhbN7BptyiS1rLNHe6kG9o8Y307HCvF4sQxbCgpL2qi+gUk+yI8a2DNk48gISEQxoxpgph0xIw==
  dependencies:
    "@babel/runtime" "^7.4.4"
    "@material-ui/utils" "^4.11.2"
    csstype "^2.5.2"
    prop-types "^15.7.2"

"@material-ui/types@5.1.0":
  version "5.1.0"
  resolved "https://registry.yarnpkg.com/@material-ui/types/-/types-5.1.0.tgz#efa1c7a0b0eaa4c7c87ac0390445f0f88b0d88f2"
  integrity sha512-7cqRjrY50b8QzRSYyhSpx4WRw2YuO0KKIGQEVk5J8uoz2BanawykgZGoWEqKm7pVIbzFDN0SpPcVV4IhOFkl8A==

"@material-ui/utils@^4.11.2":
  version "4.11.2"
  resolved "https://registry.yarnpkg.com/@material-ui/utils/-/utils-4.11.2.tgz#f1aefa7e7dff2ebcb97d31de51aecab1bb57540a"
  integrity sha512-Uul8w38u+PICe2Fg2pDKCaIG7kOyhowZ9vjiC1FsVwPABTW8vPPKfF6OvxRq3IiBaI1faOJmgdvMG7rMJARBhA==
  dependencies:
    "@babel/runtime" "^7.4.4"
    prop-types "^15.7.2"
    react-is "^16.8.0 || ^17.0.0"

"@mediapipe/face_mesh@^0.4.1629159166":
  version "0.4.1633559619"
  resolved "https://registry.yarnpkg.com/@mediapipe/face_mesh/-/face_mesh-0.4.1633559619.tgz#f917e4448e25bc375a905d1d910f1bca450c5e23"
  integrity sha512-Vc8cdjxS5+O2gnjWH9KncYpUCVXT0h714KlWAsyqJvJbIgUJBqpppbIx8yWcAzBDxm/5cYSuBI5p5ySIPxzcEg==

"@testing-library/dom@^7.28.1":
  version "7.31.2"
  resolved "https://registry.yarnpkg.com/@testing-library/dom/-/dom-7.31.2.tgz#df361db38f5212b88555068ab8119f5d841a8c4a"
  integrity sha512-3UqjCpey6HiTZT92vODYLPxTBWlM8ZOOjr3LX5F37/VRipW2M1kX6I/Cm4VXzteZqfGfagg8yXywpcOgQBlNsQ==
  dependencies:
    "@babel/code-frame" "^7.10.4"
    "@babel/runtime" "^7.12.5"
    "@types/aria-query" "^4.2.0"
    aria-query "^4.2.2"
    chalk "^4.1.0"
    dom-accessibility-api "^0.5.6"
    lz-string "^1.4.4"
    pretty-format "^26.6.2"

"@testing-library/jest-dom@^5.11.4":
  version "5.16.1"
  resolved "https://registry.yarnpkg.com/@testing-library/jest-dom/-/jest-dom-5.16.1.tgz#3db7df5ae97596264a7da9696fe14695ba02e51f"
  integrity sha512-ajUJdfDIuTCadB79ukO+0l8O+QwN0LiSxDaYUTI4LndbbUsGi6rWU1SCexXzBA2NSjlVB9/vbkasQIL3tmPBjw==
  dependencies:
    "@babel/runtime" "^7.9.2"
    "@types/testing-library__jest-dom" "^5.9.1"
    aria-query "^5.0.0"
    chalk "^3.0.0"
    css "^3.0.0"
    css.escape "^1.5.1"
    dom-accessibility-api "^0.5.6"
    lodash "^4.17.15"
    redent "^3.0.0"

"@testing-library/react@^11.1.0":
  version "11.2.7"
  resolved "https://registry.yarnpkg.com/@testing-library/react/-/react-11.2.7.tgz#b29e2e95c6765c815786c0bc1d5aed9cb2bf7818"
  integrity sha512-tzRNp7pzd5QmbtXNG/mhdcl7Awfu/Iz1RaVHY75zTdOkmHCuzMhRL83gWHSgOAcjS3CCbyfwUHMZgRJb4kAfpA==
  dependencies:
    "@babel/runtime" "^7.12.5"
    "@testing-library/dom" "^7.28.1"

"@testing-library/user-event@^12.1.10":
  version "12.8.3"
  resolved "https://registry.yarnpkg.com/@testing-library/user-event/-/user-event-12.8.3.tgz#1aa3ed4b9f79340a1e1836bc7f57c501e838704a"
  integrity sha512-IR0iWbFkgd56Bu5ZI/ej8yQwrkCv8Qydx6RzwbKz9faXazR/+5tvYKsZQgyXJiwgpcva127YO6JcWy7YlCfofQ==
  dependencies:
    "@babel/runtime" "^7.12.5"

"@types/aria-query@^4.2.0":
  version "4.2.2"
  resolved "https://registry.yarnpkg.com/@types/aria-query/-/aria-query-4.2.2.tgz#ed4e0ad92306a704f9fb132a0cfcf77486dbe2bc"
  integrity sha512-HnYpAE1Y6kRyKM/XkEuiRQhTHvkzMBurTHnpFLYLBGPIylZNPs9jJcuOOYWxPLJCSEtmZT0Y8rHDokKN7rRTig==

"@types/hoist-non-react-statics@^3.3.0":
  version "3.3.1"
  resolved "https://registry.yarnpkg.com/@types/hoist-non-react-statics/-/hoist-non-react-statics-3.3.1.tgz#1124aafe5118cb591977aeb1ceaaed1070eb039f"
  integrity sha512-iMIqiko6ooLrTh1joXodJK5X9xeEALT1kM5G3ZLhD3hszxBdIEd5C75U834D9mLcINgD4OyZf5uQXjkuYydWvA==
  dependencies:
    "@types/react" "*"
    hoist-non-react-statics "^3.3.0"

"@types/istanbul-lib-coverage@*", "@types/istanbul-lib-coverage@^2.0.0":
  version "2.0.3"
  resolved "https://registry.yarnpkg.com/@types/istanbul-lib-coverage/-/istanbul-lib-coverage-2.0.3.tgz#4ba8ddb720221f432e443bd5f9117fd22cfd4762"
  integrity sha512-sz7iLqvVUg1gIedBOvlkxPlc8/uVzyS5OwGz1cKjXzkl3FpL3al0crU8YGU1WoHkxn0Wxbw5tyi6hvzJKNzFsw==

"@types/istanbul-lib-report@*":
  version "3.0.0"
  resolved "https://registry.yarnpkg.com/@types/istanbul-lib-report/-/istanbul-lib-report-3.0.0.tgz#c14c24f18ea8190c118ee7562b7ff99a36552686"
  integrity sha512-plGgXAPfVKFoYfa9NpYDAkseG+g6Jr294RqeqcqDixSbU34MZVJRi/P+7Y8GDpzkEwLaGZZOpKIEmeVZNtKsrg==
  dependencies:
    "@types/istanbul-lib-coverage" "*"

"@types/istanbul-reports@^3.0.0":
  version "3.0.1"
  resolved "https://registry.yarnpkg.com/@types/istanbul-reports/-/istanbul-reports-3.0.1.tgz#9153fe98bba2bd565a63add9436d6f0d7f8468ff"
  integrity sha512-c3mAZEuK0lvBp8tmuL74XRKn1+y2dcwOUpH7x4WrF6gk1GIgiluDRgMYQtw2OFcBvAJWlt6ASU3tSqxp0Uu0Aw==
  dependencies:
    "@types/istanbul-lib-report" "*"

"@types/jest@*":
  version "27.0.3"
  resolved "https://registry.yarnpkg.com/@types/jest/-/jest-27.0.3.tgz#0cf9dfe9009e467f70a342f0f94ead19842a783a"
  integrity sha512-cmmwv9t7gBYt7hNKH5Spu7Kuu/DotGa+Ff+JGRKZ4db5eh8PnKS4LuebJ3YLUoyOyIHraTGyULn23YtEAm0VSg==
  dependencies:
    jest-diff "^27.0.0"
    pretty-format "^27.0.0"

"@types/node@*":
  version "17.0.2"
  resolved "https://registry.yarnpkg.com/@types/node/-/node-17.0.2.tgz#a4c07d47ff737e8ee7e586fe636ff0e1ddff070a"
  integrity sha512-JepeIUPFDARgIs0zD/SKPgFsJEAF0X5/qO80llx59gOxFTboS9Amv3S+QfB7lqBId5sFXJ99BN0J6zFRvL9dDA==

"@types/prop-types@*":
  version "15.7.4"
  resolved "https://registry.yarnpkg.com/@types/prop-types/-/prop-types-15.7.4.tgz#fcf7205c25dff795ee79af1e30da2c9790808f11"
  integrity sha512-rZ5drC/jWjrArrS8BR6SIr4cWpW09RNTYt9AMZo3Jwwif+iacXAqgVjm0B0Bv/S1jhDXKHqRVNCbACkJ89RAnQ==

"@types/react-redux@^7.1.20":
  version "7.1.20"
  resolved "https://registry.yarnpkg.com/@types/react-redux/-/react-redux-7.1.20.tgz#42f0e61ababb621e12c66c96dda94c58423bd7df"
  integrity sha512-q42es4c8iIeTgcnB+yJgRTTzftv3eYYvCZOh1Ckn2eX/3o5TdsQYKUWpLoLuGlcY/p+VAhV9IOEZJcWk/vfkXw==
  dependencies:
    "@types/hoist-non-react-statics" "^3.3.0"
    "@types/react" "*"
    hoist-non-react-statics "^3.3.0"
    redux "^4.0.0"

"@types/react-transition-group@^4.2.0":
  version "4.4.4"
  resolved "https://registry.yarnpkg.com/@types/react-transition-group/-/react-transition-group-4.4.4.tgz#acd4cceaa2be6b757db61ed7b432e103242d163e"
  integrity sha512-7gAPz7anVK5xzbeQW9wFBDg7G++aPLAFY0QaSMOou9rJZpbuI58WAuJrgu+qR92l61grlnCUe7AFX8KGahAgug==
  dependencies:
    "@types/react" "*"

"@types/react@*":
  version "17.0.37"
  resolved "https://registry.yarnpkg.com/@types/react/-/react-17.0.37.tgz#6884d0aa402605935c397ae689deed115caad959"
  integrity sha512-2FS1oTqBGcH/s0E+CjrCCR9+JMpsu9b69RTFO+40ua43ZqP5MmQ4iUde/dMjWR909KxZwmOQIFq6AV6NjEG5xg==
  dependencies:
    "@types/prop-types" "*"
    "@types/scheduler" "*"
    csstype "^3.0.2"

"@types/scheduler@*":
  version "0.16.2"
  resolved "https://registry.yarnpkg.com/@types/scheduler/-/scheduler-0.16.2.tgz#1a62f89525723dde24ba1b01b092bf5df8ad4d39"
  integrity sha512-hppQEBDmlwhFAXKJX2KnWLYu5yMfi91yazPb2l+lbJiwW+wdo1gNeRA+3RgNSO39WYX2euey41KEwnqesU2Jew==

"@types/testing-library__jest-dom@^5.9.1":
  version "5.14.2"
  resolved "https://registry.yarnpkg.com/@types/testing-library__jest-dom/-/testing-library__jest-dom-5.14.2.tgz#564fb2b2dc827147e937a75b639a05d17ce18b44"
  integrity sha512-vehbtyHUShPxIa9SioxDwCvgxukDMH//icJG90sXQBUm5lJOHLT5kNeU9tnivhnA/TkOFMzGIXN2cTc4hY8/kg==
  dependencies:
    "@types/jest" "*"

"@types/yargs-parser@*":
  version "20.2.1"
  resolved "https://registry.yarnpkg.com/@types/yargs-parser/-/yargs-parser-20.2.1.tgz#3b9ce2489919d9e4fea439b76916abc34b2df129"
  integrity sha512-7tFImggNeNBVMsn0vLrpn1H1uPrUBdnARPTpZoitY37ZrdJREzf7I16tMrlK3hen349gr1NYh8CmZQa7CTG6Aw==

"@types/yargs@^15.0.0":
  version "15.0.14"
  resolved "https://registry.yarnpkg.com/@types/yargs/-/yargs-15.0.14.tgz#26d821ddb89e70492160b66d10a0eb6df8f6fb06"
  integrity sha512-yEJzHoxf6SyQGhBhIYGXQDSCkJjB6HohDShto7m8vaKg9Yp0Yn8+71J9eakh2bnPg6BfsH9PRMhiRTZnd4eXGQ==
  dependencies:
    "@types/yargs-parser" "*"

"@types/yargs@^16.0.0":
  version "16.0.4"
  resolved "https://registry.yarnpkg.com/@types/yargs/-/yargs-16.0.4.tgz#26aad98dd2c2a38e421086ea9ad42b9e51642977"
  integrity sha512-T8Yc9wt/5LbJyCaLiHPReJa0kApcIgJ7Bn735GjItUfh08Z1pJvu8QZqb9s+mMvKV6WUQRV7K2R46YbjMXTTJw==
  dependencies:
    "@types/yargs-parser" "*"

ansi-regex@^0.2.0, ansi-regex@^0.2.1:
  version "0.2.1"
  resolved "https://registry.yarnpkg.com/ansi-regex/-/ansi-regex-0.2.1.tgz#0d8e946967a3d8143f93e24e298525fc1b2235f9"
  integrity sha1-DY6UaWej2BQ/k+JOKYUl/BsiNfk=

ansi-regex@^5.0.0, ansi-regex@^5.0.1:
  version "5.0.1"
  resolved "https://registry.yarnpkg.com/ansi-regex/-/ansi-regex-5.0.1.tgz#082cb2c89c9fe8659a311a53bd6a4dc5301db304"
  integrity sha512-quJQXlTSUGL2LH9SUXo8VwsY4soanhgo6LNSm84E1LBcE8s3O0wpdiRzyR9z/ZZJMlMWv37qOOb9pdJlMUEKFQ==

ansi-styles@^1.1.0:
  version "1.1.0"
  resolved "https://registry.yarnpkg.com/ansi-styles/-/ansi-styles-1.1.0.tgz#eaecbf66cd706882760b2f4691582b8f55d7a7de"
  integrity sha1-6uy/Zs1waIJ2Cy9GkVgrj1XXp94=

ansi-styles@^3.2.1:
  version "3.2.1"
  resolved "https://registry.yarnpkg.com/ansi-styles/-/ansi-styles-3.2.1.tgz#41fbb20243e50b12be0f04b8dedbf07520ce841d"
  integrity sha512-VT0ZI6kZRdTh8YyJw3SMbYm/u+NqfsAxEpWO0Pf9sq8/e94WxxOpPKx9FR1FlyCtOVDNOQ+8ntlqFxiRc+r5qA==
  dependencies:
    color-convert "^1.9.0"

ansi-styles@^4.0.0, ansi-styles@^4.1.0:
  version "4.3.0"
  resolved "https://registry.yarnpkg.com/ansi-styles/-/ansi-styles-4.3.0.tgz#edd803628ae71c04c85ae7a0906edad34b648937"
  integrity sha512-zbB9rCJAT1rbjiVDb2hqKFHNYLxgtk8NURxZ3IZwD3F6NtxbXZQCnnSi1Lkx+IDohdPlFp222wVALIheZJQSEg==
  dependencies:
    color-convert "^2.0.1"

ansi-styles@^5.0.0:
  version "5.2.0"
  resolved "https://registry.yarnpkg.com/ansi-styles/-/ansi-styles-5.2.0.tgz#07449690ad45777d1924ac2abb2fc8895dba836b"
  integrity sha512-Cxwpt2SfTzTtXcfOlzGEee8O+c+MmUgGrNiBcXnuWxuFJHe6a5Hz7qwhwe5OgaSYI0IJvkLqWX1ASG+cJOkEiA==

aria-query@^4.2.2:
  version "4.2.2"
  resolved "https://registry.yarnpkg.com/aria-query/-/aria-query-4.2.2.tgz#0d2ca6c9aceb56b8977e9fed6aed7e15bbd2f83b"
  integrity sha512-o/HelwhuKpTj/frsOsbNLNgnNGVIFsVP/SW2BSF14gVl7kAfMOJ6/8wUAUvG1R1NHKrfG+2sHZTu0yauT1qBrA==
  dependencies:
    "@babel/runtime" "^7.10.2"
    "@babel/runtime-corejs3" "^7.10.2"

aria-query@^5.0.0:
  version "5.0.0"
  resolved "https://registry.yarnpkg.com/aria-query/-/aria-query-5.0.0.tgz#210c21aaf469613ee8c9a62c7f86525e058db52c"
  integrity sha512-V+SM7AbUwJ+EBnB8+DXs0hPZHO0W6pqBcc0dW90OwtVG02PswOu/teuARoLQjdDOH+t9pJgGnW5/Qmouf3gPJg==

atob@^2.1.2:
  version "2.1.2"
  resolved "https://registry.yarnpkg.com/atob/-/atob-2.1.2.tgz#6d9517eb9e030d2436666651e86bd9f6f13533c9"
  integrity sha512-Wm6ukoaOGJi/73p/cl2GvLjTI5JM1k/O14isD73YML8StrH/7/lRFgmg8nICZgD3bZZvjwCGxtMOD3wWNAu8cg==

axios@^0.24.0:
  version "0.24.0"
  resolved "https://registry.yarnpkg.com/axios/-/axios-0.24.0.tgz#804e6fa1e4b9c5288501dd9dff56a7a0940d20d6"
  integrity sha512-Q6cWsys88HoPgAaFAVUb0WpPk0O8iTeisR9IMqy9G8AbO4NlpVknrnQS03zzF9PGAWgO3cgletO3VjV/P7VztA==
  dependencies:
    follow-redirects "^1.14.4"

chalk@^0.5.1:
  version "0.5.1"
  resolved "https://registry.yarnpkg.com/chalk/-/chalk-0.5.1.tgz#663b3a648b68b55d04690d49167aa837858f2174"
  integrity sha1-Zjs6ZItotV0EaQ1JFnqoN4WPIXQ=
  dependencies:
    ansi-styles "^1.1.0"
    escape-string-regexp "^1.0.0"
    has-ansi "^0.1.0"
    strip-ansi "^0.3.0"
    supports-color "^0.2.0"

chalk@^2.0.0:
  version "2.4.2"
  resolved "https://registry.yarnpkg.com/chalk/-/chalk-2.4.2.tgz#cd42541677a54333cf541a49108c1432b44c9424"
  integrity sha512-Mti+f9lpJNcwF4tWV8/OrTTtF1gZi+f8FqlyAdouralcFWFQWF2+NgCHShjkCb+IFBLq9buZwE1xckQU4peSuQ==
  dependencies:
    ansi-styles "^3.2.1"
    escape-string-regexp "^1.0.5"
    supports-color "^5.3.0"

chalk@^3.0.0:
  version "3.0.0"
  resolved "https://registry.yarnpkg.com/chalk/-/chalk-3.0.0.tgz#3f73c2bf526591f574cc492c51e2456349f844e4"
  integrity sha512-4D3B6Wf41KOYRFdszmDqMCGq5VV/uMAB273JILmO+3jAlh8X4qDtdtgCR3fxtbLEMzSx22QdhnDcJvu2u1fVwg==
  dependencies:
    ansi-styles "^4.1.0"
    supports-color "^7.1.0"

chalk@^4.0.0, chalk@^4.1.0:
  version "4.1.2"
  resolved "https://registry.yarnpkg.com/chalk/-/chalk-4.1.2.tgz#aac4e2b7734a740867aeb16bf02aad556a1e7a01"
  integrity sha512-oKnbhFyRIXpUuez8iBMmyEa4nbj4IOQyuhc/wy9kY7/WVPcwIO9VA668Pu8RkO7+0G76SLROeyw9CpQ061i4mA==
  dependencies:
    ansi-styles "^4.1.0"
    supports-color "^7.1.0"

classnames@^2.2.5:
  version "2.3.1"
  resolved "https://registry.yarnpkg.com/classnames/-/classnames-2.3.1.tgz#dfcfa3891e306ec1dad105d0e88f4417b8535e8e"
  integrity sha512-OlQdbZ7gLfGarSqxesMesDa5uz7KFbID8Kpq/SxIoNGDqY8lSYs0D+hhtBXhcdB3rcbXArFr7vlHheLk1voeNA==

clsx@^1.0.4, clsx@^1.1.1:
  version "1.1.1"
  resolved "https://registry.yarnpkg.com/clsx/-/clsx-1.1.1.tgz#98b3134f9abbdf23b2663491ace13c5c03a73188"
  integrity sha512-6/bPho624p3S2pMyvP5kKBPXnI3ufHLObBFCfgx+LkeR5lg2XYy2hqZqUf45ypD8COn2bhgGJSUE+l5dhNBieA==

color-convert@^1.9.0:
  version "1.9.3"
  resolved "https://registry.yarnpkg.com/color-convert/-/color-convert-1.9.3.tgz#bb71850690e1f136567de629d2d5471deda4c1e8"
  integrity sha512-QfAUtd+vFdAtFQcC8CCyYt1fYWxSqAiK2cSD6zDB8N3cpsEBAvRxp9zOGg6G/SHHJYAT88/az/IuDGALsNVbGg==
  dependencies:
    color-name "1.1.3"

color-convert@^2.0.1:
  version "2.0.1"
  resolved "https://registry.yarnpkg.com/color-convert/-/color-convert-2.0.1.tgz#72d3a68d598c9bdb3af2ad1e84f21d896abd4de3"
  integrity sha512-RRECPsj7iu/xb5oKYcsFHSppFNnsj/52OVTRKb4zP5onXwVF3zVmmToNcOfGC+CRDpfK/U584fMg38ZHCaElKQ==
  dependencies:
    color-name "~1.1.4"

color-name@1.1.3:
  version "1.1.3"
  resolved "https://registry.yarnpkg.com/color-name/-/color-name-1.1.3.tgz#a7d0558bd89c42f795dd42328f740831ca53bc25"
  integrity sha1-p9BVi9icQveV3UIyj3QIMcpTvCU=

color-name@~1.1.4:
  version "1.1.4"
  resolved "https://registry.yarnpkg.com/color-name/-/color-name-1.1.4.tgz#c2a09a87acbde69543de6f63fa3995c826c536a2"
  integrity sha512-dOy+3AuW3a2wNbZHIuMZpTcgjGuLU/uBL/ubcZF9OXbDo8ff4O8yVp5Bf0efS8uEoYo5q4Fx7dY9OgQGXgAsQA==

commander@^2.3.0:
  version "2.20.3"
  resolved "https://registry.yarnpkg.com/commander/-/commander-2.20.3.tgz#fd485e84c03eb4881c20722ba48035e8531aeb33"
  integrity sha512-GpVkmM8vF2vQUkj2LvZmD35JxeJOLCwJ9cUkugyk2nuhbv3+mJvpLYYt+0+USMxE+oj+ey/lJEnhZw75x/OMcQ==

core-js-pure@^3.19.0:
  version "3.20.0"
  resolved "https://registry.yarnpkg.com/core-js-pure/-/core-js-pure-3.20.0.tgz#7253feccf8bb05b72c153ddccdbe391ddbffbe03"
  integrity sha512-qsrbIwWSEEYOM7z616jAVgwhuDDtPLwZSpUsU3vyUkHYqKTf/uwOJBZg2V7lMurYWkpVlaVOxBrfX0Q3ppvjfg==

css-vendor@^2.0.8:
  version "2.0.8"
  resolved "https://registry.yarnpkg.com/css-vendor/-/css-vendor-2.0.8.tgz#e47f91d3bd3117d49180a3c935e62e3d9f7f449d"
  integrity sha512-x9Aq0XTInxrkuFeHKbYC7zWY8ai7qJ04Kxd9MnvbC1uO5DagxoHQjm4JvG+vCdXOoFtCjbL2XSZfxmoYa9uQVQ==
  dependencies:
    "@babel/runtime" "^7.8.3"
    is-in-browser "^1.0.2"

css.escape@^1.5.1:
  version "1.5.1"
  resolved "https://registry.yarnpkg.com/css.escape/-/css.escape-1.5.1.tgz#42e27d4fa04ae32f931a4b4d4191fa9cddee97cb"
  integrity sha1-QuJ9T6BK4y+TGktNQZH6nN3ul8s=

css@^3.0.0:
  version "3.0.0"
  resolved "https://registry.yarnpkg.com/css/-/css-3.0.0.tgz#4447a4d58fdd03367c516ca9f64ae365cee4aa5d"
  integrity sha512-DG9pFfwOrzc+hawpmqX/dHYHJG+Bsdb0klhyi1sDneOgGOXy9wQIC8hzyVp1e4NRYDBdxcylvywPkkXCHAzTyQ==
  dependencies:
    inherits "^2.0.4"
    source-map "^0.6.1"
    source-map-resolve "^0.6.0"

csstype@^2.5.2:
  version "2.6.19"
  resolved "https://registry.yarnpkg.com/csstype/-/csstype-2.6.19.tgz#feeb5aae89020bb389e1f63669a5ed490e391caa"
  integrity sha512-ZVxXaNy28/k3kJg0Fou5MiYpp88j7H9hLZp8PDC3jV0WFjfH5E9xHb56L0W59cPbKbcHXeP4qyT8PrHp8t6LcQ==

csstype@^3.0.2:
  version "3.0.10"
  resolved "https://registry.yarnpkg.com/csstype/-/csstype-3.0.10.tgz#2ad3a7bed70f35b965707c092e5f30b327c290e5"
  integrity sha512-2u44ZG2OcNUO9HDp/Jl8C07x6pU/eTR3ncV91SiK3dhG9TWvRVsCoJw14Ckx5DgWkzGA3waZWO3d7pgqpUI/XA==

decode-uri-component@^0.2.0:
  version "0.2.0"
  resolved "https://registry.yarnpkg.com/decode-uri-component/-/decode-uri-component-0.2.0.tgz#eb3913333458775cb84cd1a1fae062106bb87545"
  integrity sha1-6zkTMzRYd1y4TNGh+uBiEGu4dUU=

diff-sequences@^27.4.0:
  version "27.4.0"
  resolved "https://registry.yarnpkg.com/diff-sequences/-/diff-sequences-27.4.0.tgz#d783920ad8d06ec718a060d00196dfef25b132a5"
  integrity sha512-YqiQzkrsmHMH5uuh8OdQFU9/ZpADnwzml8z0O5HvRNda+5UZsaX/xN+AAxfR2hWq1Y7HZnAzO9J5lJXOuDz2Ww==

dom-accessibility-api@^0.5.6:
  version "0.5.10"
  resolved "https://registry.yarnpkg.com/dom-accessibility-api/-/dom-accessibility-api-0.5.10.tgz#caa6d08f60388d0bb4539dd75fe458a9a1d0014c"
  integrity sha512-Xu9mD0UjrJisTmv7lmVSDMagQcU9R5hwAbxsaAE/35XPnPLJobbuREfV/rraiSaEj/UOvgrzQs66zyTWTlyd+g==

dom-helpers@^5.0.1:
  version "5.2.1"
  resolved "https://registry.yarnpkg.com/dom-helpers/-/dom-helpers-5.2.1.tgz#d9400536b2bf8225ad98fe052e029451ac40e902"
  integrity sha512-nRCa7CK3VTrM2NmGkIy4cbK7IZlgBE/PYMn55rrXefr5xXDP0LdtfPnblFDoVdcAfslJ7or6iqAUnx0CCGIWQA==
  dependencies:
    "@babel/runtime" "^7.8.7"
    csstype "^3.0.2"

enquire.js@^2.1.6:
  version "2.1.6"
  resolved "https://registry.yarnpkg.com/enquire.js/-/enquire.js-2.1.6.tgz#3e8780c9b8b835084c3f60e166dbc3c2a3c89814"
  integrity sha1-PoeAybi4NQhMP2DhZtvDwqPImBQ=

escape-string-regexp@^1.0.0, escape-string-regexp@^1.0.5:
  version "1.0.5"
  resolved "https://registry.yarnpkg.com/escape-string-regexp/-/escape-string-regexp-1.0.5.tgz#1b61c0562190a8dff6ae3bb2cf0200ca130b86d4"
  integrity sha1-G2HAViGQqN/2rjuyzwIAyhMLhtQ=

file-size@0.0.5:
  version "0.0.5"
  resolved "https://registry.yarnpkg.com/file-size/-/file-size-0.0.5.tgz#057d43c3a3ed735da3f90d6052ab380f1e6d5e3b"
  integrity sha1-BX1Dw6Ptc12j+Q1gUqs4Dx5tXjs=

follow-redirects@^1.14.4:
  version "1.14.6"
  resolved "https://registry.yarnpkg.com/follow-redirects/-/follow-redirects-1.14.6.tgz#8cfb281bbc035b3c067d6cd975b0f6ade6e855cd"
  integrity sha512-fhUl5EwSJbbl8AR+uYL2KQDxLkdSjZGR36xy46AO7cOMTrCMON6Sa28FmAnC2tRTDbd/Uuzz3aJBv7EBN7JH8A==

has-ansi@^0.1.0:
  version "0.1.0"
  resolved "https://registry.yarnpkg.com/has-ansi/-/has-ansi-0.1.0.tgz#84f265aae8c0e6a88a12d7022894b7568894c62e"
  integrity sha1-hPJlqujA5qiKEtcCKJS3VoiUxi4=
  dependencies:
    ansi-regex "^0.2.0"

has-flag@^3.0.0:
  version "3.0.0"
  resolved "https://registry.yarnpkg.com/has-flag/-/has-flag-3.0.0.tgz#b5d454dc2199ae225699f3467e5a07f3b955bafd"
  integrity sha1-tdRU3CGZriJWmfNGfloH87lVuv0=

has-flag@^4.0.0:
  version "4.0.0"
  resolved "https://registry.yarnpkg.com/has-flag/-/has-flag-4.0.0.tgz#944771fd9c81c81265c4d6941860da06bb59479b"
  integrity sha512-EykJT/Q1KjTWctppgIAgfSO0tKVuZUjhgMr17kqTumMl6Afv3EISleU7qZUzoXDFTAHTDC4NOoG/ZxU3EvlMPQ==

history@^4.9.0:
  version "4.10.1"
  resolved "https://registry.yarnpkg.com/history/-/history-4.10.1.tgz#33371a65e3a83b267434e2b3f3b1b4c58aad4cf3"
  integrity sha512-36nwAD620w12kuzPAsyINPWJqlNbij+hpK1k9XRloDtym8mxzGYl2c17LnV6IAGB2Dmg4tEa7G7DlawS0+qjew==
  dependencies:
    "@babel/runtime" "^7.1.2"
    loose-envify "^1.2.0"
    resolve-pathname "^3.0.0"
    tiny-invariant "^1.0.2"
    tiny-warning "^1.0.0"
    value-equal "^1.0.1"

hoist-non-react-statics@^3.1.0, hoist-non-react-statics@^3.3.0, hoist-non-react-statics@^3.3.2:
  version "3.3.2"
  resolved "https://registry.yarnpkg.com/hoist-non-react-statics/-/hoist-non-react-statics-3.3.2.tgz#ece0acaf71d62c2969c2ec59feff42a4b1a85b45"
  integrity sha512-/gGivxi8JPKWNm/W0jSmzcMPpfpPLc3dY/6GxhX2hQ9iGj3aDfklV4ET7NjKpSinLpJ5vafa9iiGIEZg10SfBw==
  dependencies:
    react-is "^16.7.0"

hyphenate-style-name@^1.0.3:
  version "1.0.4"
  resolved "https://registry.yarnpkg.com/hyphenate-style-name/-/hyphenate-style-name-1.0.4.tgz#691879af8e220aea5750e8827db4ef62a54e361d"
  integrity sha512-ygGZLjmXfPHj+ZWh6LwbC37l43MhfztxetbFCoYTM2VjkIUpeHgSNn7QIyVFj7YQ1Wl9Cbw5sholVJPzWvC2MQ==

indent-string@^4.0.0:
  version "4.0.0"
  resolved "https://registry.yarnpkg.com/indent-string/-/indent-string-4.0.0.tgz#624f8f4497d619b2d9768531d58f4122854d7251"
  integrity sha512-EdDDZu4A2OyIK7Lr/2zG+w5jmbuk1DVBnEwREQvBzspBJkCEbRa8GxU1lghYcaGJCnRWibjDXlq779X1/y5xwg==

inherits@^2.0.4:
  version "2.0.4"
  resolved "https://registry.yarnpkg.com/inherits/-/inherits-2.0.4.tgz#0fa2c64f932917c3433a0ded55363aae37416b7c"
  integrity sha512-k/vGaX4/Yla3WzyMCvTQOXYeIHvqOKtnqBduzTHpzpQZzAskKMhZ2K+EnBiSM9zGSoIFeMpXKxa4dYeZIQqewQ==

is-in-browser@^1.0.2, is-in-browser@^1.1.3:
  version "1.1.3"
  resolved "https://registry.yarnpkg.com/is-in-browser/-/is-in-browser-1.1.3.tgz#56ff4db683a078c6082eb95dad7dc62e1d04f835"
  integrity sha1-Vv9NtoOgeMYILrldrX3GLh0E+DU=

is-wsl@^1.1.0:
  version "1.1.0"
  resolved "https://registry.yarnpkg.com/is-wsl/-/is-wsl-1.1.0.tgz#1f16e4aa22b04d1336b66188a66af3c600c3a66d"
  integrity sha1-HxbkqiKwTRM2tmGIpmrzxgDDpm0=

isarray@0.0.1:
  version "0.0.1"
  resolved "https://registry.yarnpkg.com/isarray/-/isarray-0.0.1.tgz#8a18acfca9a8f4177e09abfc6038939b05d1eedf"
  integrity sha1-ihis/Kmo9Bd+Cav8YDiTmwXR7t8=

jest-diff@^27.0.0:
  version "27.4.2"
  resolved "https://registry.yarnpkg.com/jest-diff/-/jest-diff-27.4.2.tgz#786b2a5211d854f848e2dcc1e324448e9481f36f"
  integrity sha512-ujc9ToyUZDh9KcqvQDkk/gkbf6zSaeEg9AiBxtttXW59H/AcqEYp1ciXAtJp+jXWva5nAf/ePtSsgWwE5mqp4Q==
  dependencies:
    chalk "^4.0.0"
    diff-sequences "^27.4.0"
    jest-get-type "^27.4.0"
    pretty-format "^27.4.2"

jest-get-type@^27.4.0:
  version "27.4.0"
  resolved "https://registry.yarnpkg.com/jest-get-type/-/jest-get-type-27.4.0.tgz#7503d2663fffa431638337b3998d39c5e928e9b5"
  integrity sha512-tk9o+ld5TWq41DkK14L4wox4s2D9MtTpKaAVzXfr5CUKm5ZK2ExcaFE0qls2W71zE/6R2TxxrK9w2r6svAFDBQ==

"js-tokens@^3.0.0 || ^4.0.0", js-tokens@^4.0.0:
  version "4.0.0"
  resolved "https://registry.yarnpkg.com/js-tokens/-/js-tokens-4.0.0.tgz#19203fb59991df98e3a287050d4647cdeaf32499"
  integrity sha512-RdJUflcE3cUzKiMqQgsCu06FPu9UdIJO0beYbPhHN4k6apgJtifcoCtT9bcxOpYBtpD2kCM6Sbzg4CausW/PKQ==

json2mq@^0.2.0:
  version "0.2.0"
  resolved "https://registry.yarnpkg.com/json2mq/-/json2mq-0.2.0.tgz#b637bd3ba9eabe122c83e9720483aeb10d2c904a"
  integrity sha1-tje9O6nqvhIsg+lyBIOusQ0skEo=
  dependencies:
    string-convert "^0.2.0"

jss-plugin-camel-case@^10.5.1:
  version "10.9.0"
  resolved "https://registry.yarnpkg.com/jss-plugin-camel-case/-/jss-plugin-camel-case-10.9.0.tgz#4921b568b38d893f39736ee8c4c5f1c64670aaf7"
  integrity sha512-UH6uPpnDk413/r/2Olmw4+y54yEF2lRIV8XIZyuYpgPYTITLlPOsq6XB9qeqv+75SQSg3KLocq5jUBXW8qWWww==
  dependencies:
    "@babel/runtime" "^7.3.1"
    hyphenate-style-name "^1.0.3"
    jss "10.9.0"

jss-plugin-default-unit@^10.5.1:
  version "10.9.0"
  resolved "https://registry.yarnpkg.com/jss-plugin-default-unit/-/jss-plugin-default-unit-10.9.0.tgz#bb23a48f075bc0ce852b4b4d3f7582bc002df991"
  integrity sha512-7Ju4Q9wJ/MZPsxfu4T84mzdn7pLHWeqoGd/D8O3eDNNJ93Xc8PxnLmV8s8ZPNRYkLdxZqKtm1nPQ0BM4JRlq2w==
  dependencies:
    "@babel/runtime" "^7.3.1"
    jss "10.9.0"

jss-plugin-global@^10.5.1:
  version "10.9.0"
  resolved "https://registry.yarnpkg.com/jss-plugin-global/-/jss-plugin-global-10.9.0.tgz#fc07a0086ac97aca174e37edb480b69277f3931f"
  integrity sha512-4G8PHNJ0x6nwAFsEzcuVDiBlyMsj2y3VjmFAx/uHk/R/gzJV+yRHICjT4MKGGu1cJq2hfowFWCyrr/Gg37FbgQ==
  dependencies:
    "@babel/runtime" "^7.3.1"
    jss "10.9.0"

jss-plugin-nested@^10.5.1:
  version "10.9.0"
  resolved "https://registry.yarnpkg.com/jss-plugin-nested/-/jss-plugin-nested-10.9.0.tgz#cc1c7d63ad542c3ccc6e2c66c8328c6b6b00f4b3"
  integrity sha512-2UJnDrfCZpMYcpPYR16oZB7VAC6b/1QLsRiAutOt7wJaaqwCBvNsosLEu/fUyKNQNGdvg2PPJFDO5AX7dwxtoA==
  dependencies:
    "@babel/runtime" "^7.3.1"
    jss "10.9.0"
    tiny-warning "^1.0.2"

jss-plugin-props-sort@^10.5.1:
  version "10.9.0"
  resolved "https://registry.yarnpkg.com/jss-plugin-props-sort/-/jss-plugin-props-sort-10.9.0.tgz#30e9567ef9479043feb6e5e59db09b4de687c47d"
  integrity sha512-7A76HI8bzwqrsMOJTWKx/uD5v+U8piLnp5bvru7g/3ZEQOu1+PjHvv7bFdNO3DwNPC9oM0a//KwIJsIcDCjDzw==
  dependencies:
    "@babel/runtime" "^7.3.1"
    jss "10.9.0"

jss-plugin-rule-value-function@^10.5.1:
  version "10.9.0"
  resolved "https://registry.yarnpkg.com/jss-plugin-rule-value-function/-/jss-plugin-rule-value-function-10.9.0.tgz#379fd2732c0746fe45168011fe25544c1a295d67"
  integrity sha512-IHJv6YrEf8pRzkY207cPmdbBstBaE+z8pazhPShfz0tZSDtRdQua5jjg6NMz3IbTasVx9FdnmptxPqSWL5tyJg==
  dependencies:
    "@babel/runtime" "^7.3.1"
    jss "10.9.0"
    tiny-warning "^1.0.2"

jss-plugin-vendor-prefixer@^10.5.1:
  version "10.9.0"
  resolved "https://registry.yarnpkg.com/jss-plugin-vendor-prefixer/-/jss-plugin-vendor-prefixer-10.9.0.tgz#aa9df98abfb3f75f7ed59a3ec50a5452461a206a"
  integrity sha512-MbvsaXP7iiVdYVSEoi+blrW+AYnTDvHTW6I6zqi7JcwXdc6I9Kbm234nEblayhF38EftoenbM+5218pidmC5gA==
  dependencies:
    "@babel/runtime" "^7.3.1"
    css-vendor "^2.0.8"
    jss "10.9.0"

jss@10.9.0, jss@^10.5.1:
  version "10.9.0"
  resolved "https://registry.yarnpkg.com/jss/-/jss-10.9.0.tgz#7583ee2cdc904a83c872ba695d1baab4b59c141b"
  integrity sha512-YpzpreB6kUunQBbrlArlsMpXYyndt9JATbt95tajx0t4MTJJcCJdd4hdNpHmOIDiUJrF/oX5wtVFrS3uofWfGw==
  dependencies:
    "@babel/runtime" "^7.3.1"
    csstype "^3.0.2"
    is-in-browser "^1.1.3"
    tiny-warning "^1.0.2"

kalmanjs@^1.1.0:
  version "1.1.0"
  resolved "https://registry.yarnpkg.com/kalmanjs/-/kalmanjs-1.1.0.tgz#9554566a0a7ca72722d35a23ab05915c0ddba99e"
  integrity sha512-Gkm2DAKIX8geuDcEJ92e80EmQ6TyIzWBJk6AFk+aDLofQ4G/KoDe1RCY9WMuXFe0NQxsTi7HYh9BVQneOtlvkg==

lodash.debounce@^4.0.8:
  version "4.0.8"
  resolved "https://registry.yarnpkg.com/lodash.debounce/-/lodash.debounce-4.0.8.tgz#82d79bff30a67c4005ffd5e2515300ad9ca4d7af"
  integrity sha1-gteb/zCmfEAF/9XiUVMArZyk168=

lodash@^4.17.15, lodash@^4.17.21:
  version "4.17.21"
  resolved "https://registry.yarnpkg.com/lodash/-/lodash-4.17.21.tgz#679591c564c3bffaae8454cf0b3df370c3d6911c"
  integrity sha512-v2kDEe57lecTulaDIuNTPy3Ry4gLGJ6Z1O3vE1krgXZNrsQ+LFTGHVxVjcXPs17LhbZVGedAJv8XZ1tvj5FvSg==

loose-envify@^1.1.0, loose-envify@^1.2.0, loose-envify@^1.3.1, loose-envify@^1.4.0:
  version "1.4.0"
  resolved "https://registry.yarnpkg.com/loose-envify/-/loose-envify-1.4.0.tgz#71ee51fa7be4caec1a63839f7e682d8132d30caf"
  integrity sha512-lyuxPGr/Wfhrlem2CL/UcnUc1zcqKAImBDzukY7Y5F/yQiNdko6+fRLevlw1HgMySw7f611UIY408EtxRSoK3Q==
  dependencies:
    js-tokens "^3.0.0 || ^4.0.0"

lz-string@^1.4.4:
  version "1.4.4"
  resolved "https://registry.yarnpkg.com/lz-string/-/lz-string-1.4.4.tgz#c0d8eaf36059f705796e1e344811cf4c498d3a26"
  integrity sha1-wNjq82BZ9wV5bh40SBHPTEmNOiY=

mime@^1.2.11:
  version "1.6.0"
  resolved "https://registry.yarnpkg.com/mime/-/mime-1.6.0.tgz#32cd9e5c64553bd58d19a568af452acff04981b1"
  integrity sha512-x0Vn8spI+wuJ1O6S7gnbaQg8Pxh4NNHb7KSINmEWKiPE4RKOplvijn+NkmYmmRgP68mc70j2EbeTFRsrswaQeg==

min-indent@^1.0.0:
  version "1.0.1"
  resolved "https://registry.yarnpkg.com/min-indent/-/min-indent-1.0.1.tgz#a63f681673b30571fbe8bc25686ae746eefa9869"
  integrity sha512-I9jwMn07Sy/IwOj3zVkVik2JTvgpaykDZEigL6Rx6N9LbMywwUSMtxET+7lVoDLLd3O3IXwJwvuuns8UB/HeAg==

mini-create-react-context@^0.4.0:
  version "0.4.1"
  resolved "https://registry.yarnpkg.com/mini-create-react-context/-/mini-create-react-context-0.4.1.tgz#072171561bfdc922da08a60c2197a497cc2d1d5e"
  integrity sha512-YWCYEmd5CQeHGSAKrYvXgmzzkrvssZcuuQDDeqkT+PziKGMgE+0MCCtcKbROzocGBG1meBLl2FotlRwf4gAzbQ==
  dependencies:
    "@babel/runtime" "^7.12.1"
    tiny-warning "^1.0.3"

object-assign@^4.1.1:
  version "4.1.1"
  resolved "https://registry.yarnpkg.com/object-assign/-/object-assign-4.1.1.tgz#2109adc7965887cfc05cbbd442cac8bfbb360863"
  integrity sha1-IQmtx5ZYh8/AXLvUQsrIv7s2CGM=

opn@^5.2.0:
  version "5.5.0"
  resolved "https://registry.yarnpkg.com/opn/-/opn-5.5.0.tgz#fc7164fab56d235904c51c3b27da6758ca3b9bfc"
  integrity sha512-PqHpggC9bLV0VeWcdKhkpxY+3JTzetLSqTCWL/z/tFIbI6G8JCjondXklT1JinczLz2Xib62sSp0T/gKT4KksA==
  dependencies:
    is-wsl "^1.1.0"

path-to-regexp@^1.7.0:
  version "1.8.0"
  resolved "https://registry.yarnpkg.com/path-to-regexp/-/path-to-regexp-1.8.0.tgz#887b3ba9d84393e87a0a0b9f4cb756198b53548a"
  integrity sha512-n43JRhlUKUAlibEJhPeir1ncUID16QnEjNpwzNdO3Lm4ywrBpBZ5oLD0I6br9evr1Y9JTqwRtAh7JLoOzAQdVA==
  dependencies:
    isarray "0.0.1"

popper.js@1.16.1-lts:
  version "1.16.1-lts"
  resolved "https://registry.yarnpkg.com/popper.js/-/popper.js-1.16.1-lts.tgz#cf6847b807da3799d80ee3d6d2f90df8a3f50b05"
  integrity sha512-Kjw8nKRl1m+VrSFCoVGPph93W/qrSO7ZkqPpTf7F4bk/sqcfWK019dWBUpE/fBOsOQY1dks/Bmcbfn1heM/IsA==

pretty-format@^26.6.2:
  version "26.6.2"
  resolved "https://registry.yarnpkg.com/pretty-format/-/pretty-format-26.6.2.tgz#e35c2705f14cb7fe2fe94fa078345b444120fc93"
  integrity sha512-7AeGuCYNGmycyQbCqd/3PWH4eOoX/OiCa0uphp57NVTeAGdJGaAliecxwBDHYQCIvrW7aDBZCYeNTP/WX69mkg==
  dependencies:
    "@jest/types" "^26.6.2"
    ansi-regex "^5.0.0"
    ansi-styles "^4.0.0"
    react-is "^17.0.1"

pretty-format@^27.0.0, pretty-format@^27.4.2:
  version "27.4.2"
  resolved "https://registry.yarnpkg.com/pretty-format/-/pretty-format-27.4.2.tgz#e4ce92ad66c3888423d332b40477c87d1dac1fb8"
  integrity sha512-p0wNtJ9oLuvgOQDEIZ9zQjZffK7KtyR6Si0jnXULIDwrlNF8Cuir3AZP0hHv0jmKuNN/edOnbMjnzd4uTcmWiw==
  dependencies:
    "@jest/types" "^27.4.2"
    ansi-regex "^5.0.1"
    ansi-styles "^5.0.0"
    react-is "^17.0.1"

prop-types@^15.5.8, prop-types@^15.6.0, prop-types@^15.6.2, prop-types@^15.7.2:
  version "15.7.2"
  resolved "https://registry.yarnpkg.com/prop-types/-/prop-types-15.7.2.tgz#52c41e75b8c87e72b9d9360e0206b99dcbffa6c5"
  integrity sha512-8QQikdH7//R2vurIJSutZ1smHYTcLpRWEOlHnzcWHmBYrOGUysKwSsrC89BCiFj3CbrfJ/nXFdJepOVrY1GCHQ==
  dependencies:
    loose-envify "^1.4.0"
    object-assign "^4.1.1"
    react-is "^16.8.1"

react-dom@^17.0.2:
  version "17.0.2"
  resolved "https://registry.yarnpkg.com/react-dom/-/react-dom-17.0.2.tgz#ecffb6845e3ad8dbfcdc498f0d0a939736502c23"
  integrity sha512-s4h96KtLDUQlsENhMn1ar8t2bEa+q/YAtj8pPPdIjPDGBDIVNsrD9aXNWqspUe6AzKCIG0C1HZZLqLV7qpOBGA==
  dependencies:
    loose-envify "^1.1.0"
    object-assign "^4.1.1"
    scheduler "^0.20.2"

react-draggable@^4.4.4:
  version "4.4.4"
  resolved "https://registry.yarnpkg.com/react-draggable/-/react-draggable-4.4.4.tgz#5b26d9996be63d32d285a426f41055de87e59b2f"
  integrity sha512-6e0WdcNLwpBx/YIDpoyd2Xb04PB0elrDrulKUgdrIlwuYvxh5Ok9M+F8cljm8kPXXs43PmMzek9RrB1b7mLMqA==
  dependencies:
    clsx "^1.1.1"
    prop-types "^15.6.0"

react-easy-swipe@^0.0.21:
  version "0.0.21"
  resolved "https://registry.yarnpkg.com/react-easy-swipe/-/react-easy-swipe-0.0.21.tgz#ce9384d576f7a8529dc2ca377c1bf03920bac8eb"
  integrity sha512-OeR2jAxdoqUMHIn/nS9fgreI5hSpgGoL5ezdal4+oO7YSSgJR8ga+PkYGJrSrJ9MKlPcQjMQXnketrD7WNmNsg==
  dependencies:
    prop-types "^15.5.8"

react-is@^16.6.0, react-is@^16.7.0, react-is@^16.8.1:
  version "16.13.1"
  resolved "https://registry.yarnpkg.com/react-is/-/react-is-16.13.1.tgz#789729a4dc36de2999dc156dd6c1d9c18cea56a4"
  integrity sha512-24e6ynE2H+OKt4kqsOvNd8kBpV65zoxbA4BVsEOB3ARVWQki/DHzaUoC5KuON/BiccDaCCTZBuOcfZs70kR8bQ==

"react-is@^16.8.0 || ^17.0.0", react-is@^17.0.1, react-is@^17.0.2:
  version "17.0.2"
  resolved "https://registry.yarnpkg.com/react-is/-/react-is-17.0.2.tgz#e691d4a8e9c789365655539ab372762b0efb54f0"
  integrity sha512-w2GsyukL62IJnlaff/nRegPQR94C/XXamvMWmSHRJ4y7Ts/4ocGRmTHvOs8PSE6pB3dWOrD/nueuU5sduBsQ4w==

react-rating-stars-component@^2.2.0:
  version "2.2.0"
  resolved "https://registry.yarnpkg.com/react-rating-stars-component/-/react-rating-stars-component-2.2.0.tgz#e947c6a1f59278e6fea1098453f43cb15d077c14"
  integrity sha512-A3lgLxumfFQQicKQmxacZ91fq/zRaVWlCPnVodJmJV6obvod4/yCotetN9WuyBiUfnKsEFDBo/8B85ocwmL7ng==

react-redux@^7.2.4:
  version "7.2.6"
  resolved "https://registry.yarnpkg.com/react-redux/-/react-redux-7.2.6.tgz#49633a24fe552b5f9caf58feb8a138936ddfe9aa"
  integrity sha512-10RPdsz0UUrRL1NZE0ejTkucnclYSgXp5q+tB5SWx2qeG2ZJQJyymgAhwKy73yiL/13btfB6fPr+rgbMAaZIAQ==
  dependencies:
    "@babel/runtime" "^7.15.4"
    "@types/react-redux" "^7.1.20"
    hoist-non-react-statics "^3.3.2"
    loose-envify "^1.4.0"
    prop-types "^15.7.2"
    react-is "^17.0.2"

react-responsive-carousel@^3.2.21:
  version "3.2.22"
  resolved "https://registry.yarnpkg.com/react-responsive-carousel/-/react-responsive-carousel-3.2.22.tgz#6281603daa33656940d01e207f511b83c0093c70"
  integrity sha512-/r7dsIaN+l417IYIS0Fr7Z5VlpK3KYnTIIsdVCWSqtuJRIZNM+qdBIA4RIbzQtuW/ZBTnQanBecblCxg0HCqLQ==
  dependencies:
    classnames "^2.2.5"
    prop-types "^15.5.8"
    react-easy-swipe "^0.0.21"

react-router-dom@^5.3.0:
  version "5.3.0"
  resolved "https://registry.yarnpkg.com/react-router-dom/-/react-router-dom-5.3.0.tgz#da1bfb535a0e89a712a93b97dd76f47ad1f32363"
  integrity sha512-ObVBLjUZsphUUMVycibxgMdh5jJ1e3o+KpAZBVeHcNQZ4W+uUGGWsokurzlF4YOldQYRQL4y6yFRWM4m3svmuQ==
  dependencies:
    "@babel/runtime" "^7.12.13"
    history "^4.9.0"
    loose-envify "^1.3.1"
    prop-types "^15.6.2"
    react-router "5.2.1"
    tiny-invariant "^1.0.2"
    tiny-warning "^1.0.0"

react-router@5.2.1:
  version "5.2.1"
  resolved "https://registry.yarnpkg.com/react-router/-/react-router-5.2.1.tgz#4d2e4e9d5ae9425091845b8dbc6d9d276239774d"
  integrity sha512-lIboRiOtDLFdg1VTemMwud9vRVuOCZmUIT/7lUoZiSpPODiiH1UQlfXy+vPLC/7IWdFYnhRwAyNqA/+I7wnvKQ==
  dependencies:
    "@babel/runtime" "^7.12.13"
    history "^4.9.0"
    hoist-non-react-statics "^3.1.0"
    loose-envify "^1.3.1"
    mini-create-react-context "^0.4.0"
    path-to-regexp "^1.7.0"
    prop-types "^15.6.2"
    react-is "^16.6.0"
    tiny-invariant "^1.0.2"
    tiny-warning "^1.0.0"

react-slick@^0.28.1:
  version "0.28.1"
  resolved "https://registry.yarnpkg.com/react-slick/-/react-slick-0.28.1.tgz#12c18d991b59432df9c3757ba540a227b3fb85b9"
  integrity sha512-JwRQXoWGJRbUTE7eZI1rGIHaXX/4YuwX6gn7ulfvUZ4vFDVQAA25HcsHSYaUiRCduTr6rskyIuyPMpuG6bbluw==
  dependencies:
    classnames "^2.2.5"
    enquire.js "^2.1.6"
    json2mq "^0.2.0"
    lodash.debounce "^4.0.8"
    resize-observer-polyfill "^1.5.0"

react-transition-group@^4.4.0:
  version "4.4.2"
  resolved "https://registry.yarnpkg.com/react-transition-group/-/react-transition-group-4.4.2.tgz#8b59a56f09ced7b55cbd53c36768b922890d5470"
  integrity sha512-/RNYfRAMlZwDSr6z4zNKV6xu53/e2BuaBbGhbyYIXTrmgu/bGHzmqOs7mJSJBHy9Ud+ApHx3QjrkKSp1pxvlFg==
  dependencies:
    "@babel/runtime" "^7.5.5"
    dom-helpers "^5.0.1"
    loose-envify "^1.4.0"
    prop-types "^15.6.2"

react-webcam@^5.2.4:
  version "5.2.4"
  resolved "https://registry.yarnpkg.com/react-webcam/-/react-webcam-5.2.4.tgz#714b4460ea43ac7ed081824299cd2a580f764478"
  integrity sha512-Qqj14t68Ke1eoEYjFde+N48HtuIJg0ePIQRpFww9eZt5oBcDpe/l60h+m3VRFJAR5/E3dOhSU5R8EJEcdCq/Eg==

react@^17.0.2:
  version "17.0.2"
  resolved "https://registry.yarnpkg.com/react/-/react-17.0.2.tgz#d0b5cc516d29eb3eee383f75b62864cfb6800037"
  integrity sha512-gnhPt75i/dq/z3/6q/0asP78D0u592D5L1pd7M8P+dck6Fu/jJeL6iVVK23fptSUZj8Vjf++7wXA8UNclGQcbA==
  dependencies:
    loose-envify "^1.1.0"
    object-assign "^4.1.1"

redent@^3.0.0:
  version "3.0.0"
  resolved "https://registry.yarnpkg.com/redent/-/redent-3.0.0.tgz#e557b7998316bb53c9f1f56fa626352c6963059f"
  integrity sha512-6tDA8g98We0zd0GvVeMT9arEOnTw9qM03L9cJXaCjrip1OO764RDBLBfrB4cwzNGDj5OA5ioymC9GkizgWJDUg==
  dependencies:
    indent-string "^4.0.0"
    strip-indent "^3.0.0"

redux-thunk@^2.3.0:
  version "2.4.1"
  resolved "https://registry.yarnpkg.com/redux-thunk/-/redux-thunk-2.4.1.tgz#0dd8042cf47868f4b29699941de03c9301a75714"
  integrity sha512-OOYGNY5Jy2TWvTL1KgAlVy6dcx3siPJ1wTq741EPyUKfn6W6nChdICjZwCd0p8AZBs5kWpZlbkXW2nE/zjUa+Q==

redux@^4.0.0, redux@^4.1.1:
  version "4.1.2"
  resolved "https://registry.yarnpkg.com/redux/-/redux-4.1.2.tgz#140f35426d99bb4729af760afcf79eaaac407104"
  integrity sha512-SH8PglcebESbd/shgf6mii6EIoRM0zrQyjcuQ+ojmfxjTtE0z9Y8pa62iA/OJ58qjP6j27uyW4kUF4jl/jd6sw==
  dependencies:
    "@babel/runtime" "^7.9.2"

regenerator-runtime@^0.13.4:
  version "0.13.9"
  resolved "https://registry.yarnpkg.com/regenerator-runtime/-/regenerator-runtime-0.13.9.tgz#8925742a98ffd90814988d7566ad30ca3b263b52"
  integrity sha512-p3VT+cOEgxFsRRA9X4lkI1E+k2/CtnKtU4gcxyaCUreilL/vqI6CdZ3wxVUx3UOUg+gnUOQQcRI7BmSI656MYA==

resize-observer-polyfill@^1.5.0:
  version "1.5.1"
  resolved "https://registry.yarnpkg.com/resize-observer-polyfill/-/resize-observer-polyfill-1.5.1.tgz#0e9020dd3d21024458d4ebd27e23e40269810464"
  integrity sha512-LwZrotdHOo12nQuZlHEmtuXdqGoOD0OhaxopaNFxWzInpEgaLWoVuAMbTzixuosCx2nEG58ngzW3vxdWoxIgdg==

resolve-pathname@^3.0.0:
  version "3.0.0"
  resolved "https://registry.yarnpkg.com/resolve-pathname/-/resolve-pathname-3.0.0.tgz#99d02224d3cf263689becbb393bc560313025dcd"
  integrity sha512-C7rARubxI8bXFNB/hqcp/4iUeIXJhJZvFPFPiSPRnhU5UPxzMFIl+2E6yY6c4k9giDJAhtV+enfA+G89N6Csng==

scheduler@^0.20.2:
  version "0.20.2"
  resolved "https://registry.yarnpkg.com/scheduler/-/scheduler-0.20.2.tgz#4baee39436e34aa93b4874bddcbf0fe8b8b50e91"
  integrity sha512-2eWfGgAqqWFGqtdMmcL5zCMK1U8KlXv8SQFGglL3CEtd0aDVDWgeF/YoCmvln55m5zSk3J/20hTaSBeSObsQDQ==
  dependencies:
    loose-envify "^1.1.0"
    object-assign "^4.1.1"

slick-carousel@^1.8.1:
  version "1.8.1"
  resolved "https://registry.yarnpkg.com/slick-carousel/-/slick-carousel-1.8.1.tgz#a4bfb29014887bb66ce528b90bd0cda262cc8f8d"
  integrity sha512-XB9Ftrf2EEKfzoQXt3Nitrt/IPbT+f1fgqBdoxO3W/+JYvtEOW6EgxnWfr9GH6nmULv7Y2tPmEX3koxThVmebA==

source-map-resolve@^0.6.0:
  version "0.6.0"
  resolved "https://registry.yarnpkg.com/source-map-resolve/-/source-map-resolve-0.6.0.tgz#3d9df87e236b53f16d01e58150fc7711138e5ed2"
  integrity sha512-KXBr9d/fO/bWo97NXsPIAW1bFSBOuCnjbNTBMO7N59hsv5i9yzRDfcYwwt0l04+VqnKC+EwzvJZIP/qkuMgR/w==
  dependencies:
    atob "^2.1.2"
    decode-uri-component "^0.2.0"

source-map@^0.6.1:
  version "0.6.1"
  resolved "https://registry.yarnpkg.com/source-map/-/source-map-0.6.1.tgz#74722af32e9614e9c287a8d0bbde48b5e2f1a263"
  integrity sha512-UjgapumWlbMhkBgzT7Ykc5YXUT46F0iKu8SGXq0bcwP5dz/h0Plj6enJqjz1Zbq2l5WaqYnrVbwWOWMyF3F47g==

sprie-sdk-cra-1@^0.2.54:
  version "0.2.88"
  resolved "https://registry.yarnpkg.com/sprie-sdk-cra-1/-/sprie-sdk-cra-1-0.2.88.tgz#11e616f3d16593a8b4e9c2c0a40c8a4c4e0f5205"
  integrity sha512-2xCeGGQFyzc1muKfFi9gbmxbCudBFHd5AfxUwG10uNdGjdHiTkrrNDx2Z/976Enz3S8aDAyHDNdjR1QdTlCPeA==
  dependencies:
    "@babel/runtime" "^7.15.4"
    "@material-ui/core" "^4.12.3"
    "@material-ui/icons" "^4.11.2"
    "@mediapipe/face_mesh" "^0.4.1629159166"
    "@testing-library/jest-dom" "^5.11.4"
    "@testing-library/react" "^11.1.0"
    "@testing-library/user-event" "^12.1.10"
    axios "^0.24.0"
    kalmanjs "^1.1.0"
    lodash "^4.17.21"
    prop-types "^15.7.2"
    react "^17.0.2"
    react-dom "^17.0.2"
    react-draggable "^4.4.4"
    react-rating-stars-component "^2.2.0"
    react-redux "^7.2.4"
    react-responsive-carousel "^3.2.21"
    react-router-dom "^5.3.0"
    react-slick "^0.28.1"
    react-webcam "^5.2.4"
    redux "^4.1.1"
    redux-thunk "^2.3.0"
    slick-carousel "^1.8.1"
    three "0.131.3"
    use-long-press "^1.1.1"
    web-vitals "^1.0.1"

static-server@^2.2.1:
  version "2.2.1"
  resolved "https://registry.yarnpkg.com/static-server/-/static-server-2.2.1.tgz#49e3cae2a001736b0ee9e95d21d3d843fc95efaa"
  integrity sha512-j5eeW6higxYNmXMIT8iHjsdiViTpQDthg7o+SHsRtqdbxscdHqBHXwrXjHC8hL3F0Tsu34ApUpDkwzMBPBsrLw==
  dependencies:
    chalk "^0.5.1"
    commander "^2.3.0"
    file-size "0.0.5"
    mime "^1.2.11"
    opn "^5.2.0"

string-convert@^0.2.0:
  version "0.2.1"
  resolved "https://registry.yarnpkg.com/string-convert/-/string-convert-0.2.1.tgz#6982cc3049fbb4cd85f8b24568b9d9bf39eeff97"
  integrity sha1-aYLMMEn7tM2F+LJFaLnZvznu/5c=

strip-ansi@^0.3.0:
  version "0.3.0"
  resolved "https://registry.yarnpkg.com/strip-ansi/-/strip-ansi-0.3.0.tgz#25f48ea22ca79187f3174a4db8759347bb126220"
  integrity sha1-JfSOoiynkYfzF0pNuHWTR7sSYiA=
  dependencies:
    ansi-regex "^0.2.1"

strip-indent@^3.0.0:
  version "3.0.0"
  resolved "https://registry.yarnpkg.com/strip-indent/-/strip-indent-3.0.0.tgz#c32e1cee940b6b3432c771bc2c54bcce73cd3001"
  integrity sha512-laJTa3Jb+VQpaC6DseHhF7dXVqHTfJPCRDaEbid/drOhgitgYku/letMUqOXFoWV0zIIUbjpdH2t+tYj4bQMRQ==
  dependencies:
    min-indent "^1.0.0"

supports-color@^0.2.0:
  version "0.2.0"
  resolved "https://registry.yarnpkg.com/supports-color/-/supports-color-0.2.0.tgz#d92de2694eb3f67323973d7ae3d8b55b4c22190a"
  integrity sha1-2S3iaU6z9nMjlz1649i1W0wiGQo=

supports-color@^5.3.0:
  version "5.5.0"
  resolved "https://registry.yarnpkg.com/supports-color/-/supports-color-5.5.0.tgz#e2e69a44ac8772f78a1ec0b35b689df6530efc8f"
  integrity sha512-QjVjwdXIt408MIiAqCX4oUKsgU2EqAGzs2Ppkm4aQYbjm+ZEWEcW4SfFNTr4uMNZma0ey4f5lgLrkB0aX0QMow==
  dependencies:
    has-flag "^3.0.0"

supports-color@^7.1.0:
  version "7.2.0"
  resolved "https://registry.yarnpkg.com/supports-color/-/supports-color-7.2.0.tgz#1b7dcdcb32b8138801b3e478ba6a51caa89648da"
  integrity sha512-qpCAvRl9stuOHveKsn7HncJRvv501qIacKzQlO/+Lwxc9+0q2wLyv4Dfvt80/DPn2pqOBsJdDiogXGR9+OvwRw==
  dependencies:
    has-flag "^4.0.0"

three@0.131.3:
  version "0.131.3"
  resolved "https://registry.yarnpkg.com/three/-/three-0.131.3.tgz#406fd210c603ca9154937ae3582996fbfd3cb716"
  integrity sha512-VkZAv8ZTJqiE/fyEmoWLxcNHImpVcjqW7RO0GzMu3tRpwO0KUvK9pjTmJzJcAbc51BOeB2G38zh80yjHTbP8gQ==

tiny-invariant@^1.0.2:
  version "1.2.0"
  resolved "https://registry.yarnpkg.com/tiny-invariant/-/tiny-invariant-1.2.0.tgz#a1141f86b672a9148c72e978a19a73b9b94a15a9"
  integrity sha512-1Uhn/aqw5C6RI4KejVeTg6mIS7IqxnLJ8Mv2tV5rTc0qWobay7pDUz6Wi392Cnc8ak1H0F2cjoRzb2/AW4+Fvg==

tiny-warning@^1.0.0, tiny-warning@^1.0.2, tiny-warning@^1.0.3:
  version "1.0.3"
  resolved "https://registry.yarnpkg.com/tiny-warning/-/tiny-warning-1.0.3.tgz#94a30db453df4c643d0fd566060d60a875d84754"
  integrity sha512-lBN9zLN/oAf68o3zNXYrdCt1kP8WsiGW8Oo2ka41b2IM5JL/S1CTyX1rW0mb/zSuJun0ZUrDxx4sqvYS2FWzPA==

use-long-press@^1.1.1:
  version "1.1.2"
  resolved "https://registry.yarnpkg.com/use-long-press/-/use-long-press-1.1.2.tgz#59135295c14b0a8899e4baf84cf1a36c2f64e18c"
  integrity sha512-fbIcG9ozS7gP8Nh2focxdPMpLIs/fXpq1TqD9SmxPmdd5FBwl+g4OqQICE4ULwJvb0t/ProkpGeUaq1x42enFg==

value-equal@^1.0.1:
  version "1.0.1"
  resolved "https://registry.yarnpkg.com/value-equal/-/value-equal-1.0.1.tgz#1e0b794c734c5c0cade179c437d356d931a34d6c"
  integrity sha512-NOJ6JZCAWr0zlxZt+xqCHNTEKOsrks2HQd4MqhP1qy4z1SkbEP467eNx6TgDKXMvUOb+OENfJCZwM+16n7fRfw==

web-vitals@^1.0.1:
  version "1.1.2"
  resolved "https://registry.yarnpkg.com/web-vitals/-/web-vitals-1.1.2.tgz#06535308168986096239aa84716e68b4c6ae6d1c"
  integrity sha512-PFMKIY+bRSXlMxVAQ+m2aw9c/ioUYfDgrYot0YUa+/xa0sakubWhSDyxAKwzymvXVdF4CZI71g06W+mqhzu6ig==
